
Microsoft Visual Studio Solution File, Format Version 12.00
# Visual Studio Version 17
VisualStudioVersion = 17.4.33205.214
MinimumVisualStudioVersion = 10.0.40219.1
Project("{FAE04EC0-301F-11D3-BF4B-00C04F79EFBC}") = "mkconnect", "mkconnect\mkconnect.csproj", "{28B45FC8-8F7F-470B-B5A5-4ED340BD47D9}"
EndProject
Global
	GlobalSection(SolutionConfigurationPlatforms) = preSolution
		Debug|Any CPU = Debug|Any CPU
		Release|Any CPU = Release|Any CPU
	EndGlobalSection
	GlobalSection(ProjectConfigurationPlatforms) = postSolution
		{28B45FC8-8F7F-470B-B5A5-4ED340BD47D9}.Debug|Any CPU.ActiveCfg = Debug|Any CPU
		{28B45FC8-8F7F-470B-B5A5-4ED340BD47D9}.Debug|Any CPU.Build.0 = Debug|Any CPU
		{28B45FC8-8F7F-470B-B5A5-4ED340BD47D9}.Release|Any CPU.ActiveCfg = Release|Any CPU
		{28B45FC8-8F7F-470B-B5A5-4ED340BD47D9}.Release|Any CPU.Build.0 = Release|Any CPU
	EndGlobalSection
	GlobalSection(SolutionProperties) = preSolution
		HideSolutionNode = FALSE
	EndGlobalSection
	GlobalSection(ExtensibilityGlobals) = postSolution
		SolutionGuid = {80B20FE5-4233-4C39-9196-0518C44B4C13}
	EndGlobalSection
EndGlobal
